{
  "requires": true,
  "lockfileVersion": 1,
  "dependencies": {
    "create-react-native-app": {
      "version": "3.5.1",
      "resolved": "https://registry.npmjs.org/create-react-native-app/-/create-react-native-app-3.5.1.tgz",
      "integrity": "sha512-TeaEDgfOSJ3cVilXKeIG2590IjjnSWPvhUUE6xGl3Aqys9O2JQNDyVbC1stnqlbyUgxm8KCOP0piLOk+MXUlZA=="
    }
  }
}
